
Microsoft Visual Studio Solution File, Format Version 12.00
# Visual Studio Version 17
VisualStudioVersion = 17.14.36623.8 d17.14
MinimumVisualStudioVersion = 10.0.40219.1
Project("{FAE04EC0-301F-11D3-BF4B-00C04F79EFBC}") = "FileReaderLibrary", "FileReaderLibrary\FileReaderLibrary.csproj", "{854A8A5C-BEF8-4491-9B56-0727C679D424}"
EndProject
Global
	GlobalSection(SolutionConfigurationPlatforms) = preSolution
		Debug|Any CPU = Debug|Any CPU
		Release|Any CPU = Release|Any CPU
	EndGlobalSection
	GlobalSection(ProjectConfigurationPlatforms) = postSolution
		{854A8A5C-BEF8-4491-9B56-0727C679D424}.Debug|Any CPU.ActiveCfg = Debug|Any CPU
		{854A8A5C-BEF8-4491-9B56-0727C679D424}.Debug|Any CPU.Build.0 = Debug|Any CPU
		{854A8A5C-BEF8-4491-9B56-0727C679D424}.Release|Any CPU.ActiveCfg = Release|Any CPU
		{854A8A5C-BEF8-4491-9B56-0727C679D424}.Release|Any CPU.Build.0 = Release|Any CPU
	EndGlobalSection
	GlobalSection(SolutionProperties) = preSolution
		HideSolutionNode = FALSE
	EndGlobalSection
	GlobalSection(ExtensibilityGlobals) = postSolution
		SolutionGuid = {0DD333E3-1D2E-4981-A1EE-5EBFA20FC196}
	EndGlobalSection
EndGlobal
